
Microsoft Visual Studio Solution File, Format Version 12.00
# Visual Studio Version 17
VisualStudioVersion = 17.1.32210.238
MinimumVisualStudioVersion = 10.0.40219.1
Project("{9A19103F-16F7-4668-BE54-9A1E7A4F7556}") = "TerrariaFortress", "TerrariaFortress\TerrariaFortress.csproj", "{DCA3A85E-22A6-48E2-998D-343C2BE8402F}"
EndProject
Global
	GlobalSection(SolutionConfigurationPlatforms) = preSolution
		Debug|Any CPU = Debug|Any CPU
		Debug|x64 = Debug|x64
		Release|Any CPU = Release|Any CPU
		Release|x64 = Release|x64
	EndGlobalSection
	GlobalSection(ProjectConfigurationPlatforms) = postSolution
		{DCA3A85E-22A6-48E2-998D-343C2BE8402F}.Debug|Any CPU.ActiveCfg = Debug|Any CPU
		{DCA3A85E-22A6-48E2-998D-343C2BE8402F}.Debug|Any CPU.Build.0 = Debug|Any CPU
		{DCA3A85E-22A6-48E2-998D-343C2BE8402F}.Debug|x64.ActiveCfg = Debug|x64
		{DCA3A85E-22A6-48E2-998D-343C2BE8402F}.Debug|x64.Build.0 = Debug|x64
		{DCA3A85E-22A6-48E2-998D-343C2BE8402F}.Release|Any CPU.ActiveCfg = Release|Any CPU
		{DCA3A85E-22A6-48E2-998D-343C2BE8402F}.Release|Any CPU.Build.0 = Release|Any CPU
		{DCA3A85E-22A6-48E2-998D-343C2BE8402F}.Release|x64.ActiveCfg = Release|x64
		{DCA3A85E-22A6-48E2-998D-343C2BE8402F}.Release|x64.Build.0 = Release|x64
	EndGlobalSection
	GlobalSection(SolutionProperties) = preSolution
		HideSolutionNode = FALSE
	EndGlobalSection
	GlobalSection(ExtensibilityGlobals) = postSolution
		SolutionGuid = {ED60C65A-993D-4BC0-B108-2073344E6C25}
	EndGlobalSection
EndGlobal
